
Microsoft Visual Studio Solution File, Format Version 12.00
# Visual Studio Version 17
VisualStudioVersion = 17.0.32126.317
MinimumVisualStudioVersion = 10.0.40219.1
Project("{9A19103F-16F7-4668-BE54-9A1E7A4F7556}") = "QuanLyQuanCafe", "QuanLyQuanCafe\QuanLyQuanCafe.csproj", "{550F1DCF-1933-4CD8-B370-E9D0C3DAADDE}"
EndProject
Project("{FAE04EC0-301F-11D3-BF4B-00C04F79EFBC}") = "TestQLQuanCF", "TestQLQuanCF\TestQLQuanCF.csproj", "{5141AFEB-3F89-4F21-ABC5-F99029802B5B}"
EndProject
Project("{FAE04EC0-301F-11D3-BF4B-00C04F79EFBC}") = "TestLib", "TestLib\TestLib.csproj", "{A75650B2-5051-4D70-93C4-15826D9465D3}"
EndProject
Global
	GlobalSection(SolutionConfigurationPlatforms) = preSolution
		Debug|Any CPU = Debug|Any CPU
		Release|Any CPU = Release|Any CPU
	EndGlobalSection
	GlobalSection(ProjectConfigurationPlatforms) = postSolution
		{550F1DCF-1933-4CD8-B370-E9D0C3DAADDE}.Debug|Any CPU.ActiveCfg = Debug|Any CPU
		{550F1DCF-1933-4CD8-B370-E9D0C3DAADDE}.Debug|Any CPU.Build.0 = Debug|Any CPU
		{550F1DCF-1933-4CD8-B370-E9D0C3DAADDE}.Release|Any CPU.ActiveCfg = Release|Any CPU
		{550F1DCF-1933-4CD8-B370-E9D0C3DAADDE}.Release|Any CPU.Build.0 = Release|Any CPU
		{5141AFEB-3F89-4F21-ABC5-F99029802B5B}.Debug|Any CPU.ActiveCfg = Debug|Any CPU
		{5141AFEB-3F89-4F21-ABC5-F99029802B5B}.Debug|Any CPU.Build.0 = Debug|Any CPU
		{5141AFEB-3F89-4F21-ABC5-F99029802B5B}.Release|Any CPU.ActiveCfg = Release|Any CPU
		{5141AFEB-3F89-4F21-ABC5-F99029802B5B}.Release|Any CPU.Build.0 = Release|Any CPU
		{A75650B2-5051-4D70-93C4-15826D9465D3}.Debug|Any CPU.ActiveCfg = Debug|Any CPU
		{A75650B2-5051-4D70-93C4-15826D9465D3}.Debug|Any CPU.Build.0 = Debug|Any CPU
		{A75650B2-5051-4D70-93C4-15826D9465D3}.Release|Any CPU.ActiveCfg = Release|Any CPU
		{A75650B2-5051-4D70-93C4-15826D9465D3}.Release|Any CPU.Build.0 = Release|Any CPU
	EndGlobalSection
	GlobalSection(SolutionProperties) = preSolution
		HideSolutionNode = FALSE
	EndGlobalSection
	GlobalSection(ExtensibilityGlobals) = postSolution
		SolutionGuid = {C1913999-D895-4F7A-A394-FC9820ACE9F1}
	EndGlobalSection
EndGlobal
